{
    "_readme": [
        "This file locks the dependencies of your project to a known state",
        "Read more about it at https://getcomposer.org/doc/01-basic-usage.md#installing-dependencies",
        "This file is @generated automatically"
    ],
    "content-hash": "ab52db5708f45c510702e1f539e15d44",
    "packages": [
        {
            "name": "dimsemenov/magnific-popup",
            "version": "1.1.0",
            "source": {
                "type": "git",
                "url": "https://github.com/dimsemenov/Magnific-Popup.git",
                "reference": "6b7a8088783cbce01034414c1fd2d8e1889093ae"
            },
            "dist": {
                "type": "zip",
                "url": "https://api.github.com/repos/dimsemenov/Magnific-Popup/zipball/6b7a8088783cbce01034414c1fd2d8e1889093ae",
                "reference": "6b7a8088783cbce01034414c1fd2d8e1889093ae",
                "shasum": ""
            },
            "type": "library",
            "notification-url": "https://packagist.org/downloads/",
            "description": "Light and responsive lightbox script with focus on performance.",
            "homepage": "http://dimsemenov.com/plugins/magnific-popup/",
            "support": {
                "issues": "https://github.com/dimsemenov/Magnific-Popup/issues",
                "source": "https://github.com/dimsemenov/Magnific-Popup/tree/1.1.0"
            },
            "time": "2016-02-20T09:06:30+00:00"
        },
        {
            "name": "fortawesome/font-awesome",
            "version": "v4.7.0",
            "source": {
                "type": "git",
                "url": "https://github.com/FortAwesome/Font-Awesome.git",
                "reference": "a8386aae19e200ddb0f6845b5feeee5eb7013687"
            },
            "dist": {
                "type": "zip",
                "url": "https://api.github.com/repos/FortAwesome/Font-Awesome/zipball/a8386aae19e200ddb0f6845b5feeee5eb7013687",
                "reference": "a8386aae19e200ddb0f6845b5feeee5eb7013687",
                "shasum": ""
            },
            "require-dev": {
                "jekyll": "1.0.2",
                "lessc": "1.4.2"
            },
            "type": "library",
            "extra": {
                "branch-alias": {
                    "dev-master": "4.6.x-dev"
                }
            },
            "notification-url": "https://packagist.org/downloads/",
            "license": [
                "OFL-1.1",
                "MIT"
            ],
            "authors": [
                {
                    "name": "Dave Gandy",
                    "email": "dave@fontawesome.io",
                    "homepage": "http://twitter.com/davegandy",
                    "role": "Developer"
                }
            ],
            "description": "The iconic font and CSS framework",
            "homepage": "http://fontawesome.io/",
            "keywords": [
                "FontAwesome",
                "awesome",
                "bootstrap",
                "font",
                "icon"
            ],
            "support": {
                "issues": "https://github.com/FortAwesome/Font-Awesome/issues",
                "source": "https://github.com/FortAwesome/Font-Awesome/tree/v4.7.0"
            },
            "time": "2016-10-24T15:52:54+00:00"
        },
        {
            "name": "harvesthq/chosen",
            "version": "v1.8.7",
            "source": {
                "type": "git",
                "url": "https://github.com/harvesthq/chosen-package.git",
                "reference": "ad86732b668627c131e61ee8f0e6e9ed52e4db8d"
            },
            "dist": {
                "type": "zip",
                "url": "https://api.github.com/repos/harvesthq/chosen-package/zipball/ad86732b668627c131e61ee8f0e6e9ed52e4db8d",
                "reference": "ad86732b668627c131e61ee8f0e6e9ed52e4db8d",
                "shasum": ""
            },
            "type": "library",
            "notification-url": "https://packagist.org/downloads/",
            "license": [
                "MIT"
            ],
            "authors": [
                {
                    "name": "Koen Punt",
                    "homepage": "https://github.com/koenpunt"
                },
                {
                    "name": "Patrick Filler",
                    "homepage": "https://github.com/pfiller"
                },
                {
                    "name": "Christophe Coevoet",
                    "homepage": "https://github.com/stof"
                },
                {
                    "name": "Ken Earley",
                    "homepage": "https://github.com/kenearley"
                }
            ],
            "description": "Chosen is a JavaScript plugin that makes select boxes user-friendly. It is currently available in both jQuery and Prototype flavors.",
            "homepage": "https://harvesthq.github.io/chosen/",
            "keywords": [
                "dropdown",
                "form",
                "input",
                "multiselect",
                "select",
                "ui"
            ],
            "support": {
                "source": "https://github.com/harvesthq/chosen-package/tree/v1.8.7"
            },
            "time": "2018-06-28T20:32:51+00:00"
        }
    ],
    "packages-dev": [],
    "aliases": [],
    "minimum-stability": "stable",
    "stability-flags": [],
    "prefer-stable": false,
    "prefer-lowest": false,
    "platform": {
        "php": "7.4.*",
        "ext-fileinfo": "*"
    },
    "platform-dev": [],
    "plugin-api-version": "2.1.0"
}
